// !$*UTF8*$!
{
	archiveVersion = 1;
	classes = {
	};
	objectVersion = 46;
	objects = {

/* Begin PBXBuildFile section */
		BEA670351BA06CC7001B4166 /* AppDelegate.swift in Sources */ = {isa = PBXBuildFile; fileRef = BEA670341BA06CC7001B4166 /* AppDelegate.swift */; };
		BEA670371BA06CC7001B4166 /* ViewController.swift in Sources */ = {isa = PBXBuildFile; fileRef = BEA670361BA06CC7001B4166 /* ViewController.swift */; };
		BEA6703A1BA06CC7001B4166 /* Main.storyboard in Resources */ = {isa = PBXBuildFile; fileRef = BEA670381BA06CC7001B4166 /* Main.storyboard */; };
		BEA6703D1BA06CC7001B4166 /* SightWords.xcdatamodeld in Sources */ = {isa = PBXBuildFile; fileRef = BEA6703B1BA06CC7001B4166 /* SightWords.xcdatamodeld */; };
		BEA6703F1BA06CC7001B4166 /* Assets.xcassets in Resources */ = {isa = PBXBuildFile; fileRef = BEA6703E1BA06CC7001B4166 /* Assets.xcassets */; };
		BEA670421BA06CC7001B4166 /* LaunchScreen.storyboard in Resources */ = {isa = PBXBuildFile; fileRef = BEA670401BA06CC7001B4166 /* LaunchScreen.storyboard */; };
		BEA6704D1BA06CC7001B4166 /* SightWordsTests.swift in Sources */ = {isa = PBXBuildFile; fileRef = BEA6704C1BA06CC7001B4166 /* SightWordsTests.swift */; };
		BEA670581BA06CC7001B4166 /* SightWordsUITests.swift in Sources */ = {isa = PBXBuildFile; fileRef = BEA670571BA06CC7001B4166 /* SightWordsUITests.swift */; };
		BEF0B45E1BA4A8650015619C /* GameEngine.swift in Sources */ = {isa = PBXBuildFile; fileRef = BEF0B45D1BA4A8650015619C /* GameEngine.swift */; settings = {ASSET_TAGS = (); }; };
		BEF0B4601BA4A8B10015619C /* words.json in Resources */ = {isa = PBXBuildFile; fileRef = BEF0B45F1BA4A8B10015619C /* words.json */; settings = {ASSET_TAGS = (); }; };
/* End PBXBuildFile section */

/* Begin PBXContainerItemProxy section */
		BEA670491BA06CC7001B4166 /* PBXContainerItemProxy */ = {
			isa = PBXContainerItemProxy;
			containerPortal = BEA670291BA06CC7001B4166 /* Project object */;
			proxyType = 1;
			remoteGlobalIDString = BEA670301BA06CC7001B4166;
			remoteInfo = SightWords;
		};
		BEA670541BA06CC7001B4166 /* PBXContainerItemProxy */ = {
			isa = PBXContainerItemProxy;
			containerPortal = BEA670291BA06CC7001B4166 /* Project object */;
			proxyType = 1;
			remoteGlobalIDString = BEA670301BA06CC7001B4166;
			remoteInfo = SightWords;
		};
/* End PBXContainerItemProxy section */

/* Begin PBXFileReference section */
		BEA670311BA06CC7001B4166 /* SightWords.app */ = {isa = PBXFileReference; explicitFileType = wrapper.application; includeInIndex = 0; path = SightWords.app; sourceTree = BUILT_PRODUCTS_DIR; };
		BEA670341BA06CC7001B4166 /* AppDelegate.swift */ = {isa = PBXFileReference; lastKnownFileType = sourcecode.swift; path = AppDelegate.swift; sourceTree = "<group>"; };
		BEA670361BA06CC7001B4166 /* ViewController.swift */ = {isa = PBXFileReference; lastKnownFileType = sourcecode.swift; path = ViewController.swift; sourceTree = "<group>"; };
		BEA670391BA06CC7001B4166 /* Base */ = {isa = PBXFileReference; lastKnownFileType = file.storyboard; name = Base; path = Base.lproj/Main.storyboard; sourceTree = "<group>"; };
		BEA6703C1BA06CC7001B4166 /* SightWords.xcdatamodel */ = {isa = PBXFileReference; lastKnownFileType = wrapper.xcdatamodel; path = SightWords.xcdatamodel; sourceTree = "<group>"; };
		BEA6703E1BA06CC7001B4166 /* Assets.xcassets */ = {isa = PBXFileReference; lastKnownFileType = folder.assetcatalog; path = Assets.xcassets; sourceTree = "<group>"; };
		BEA670411BA06CC7001B4166 /* Base */ = {isa = PBXFileReference; lastKnownFileType = file.storyboard; name = Base; path = Base.lproj/LaunchScreen.storyboard; sourceTree = "<group>"; };
		BEA670431BA06CC7001B4166 /* Info.plist */ = {isa = PBXFileReference; lastKnownFileType = text.plist.xml; path = Info.plist; sourceTree = "<group>"; };
		BEA670481BA06CC7001B4166 /* SightWordsTests.xctest */ = {isa = PBXFileReference; explicitFileType = wrapper.cfbundle; includeInIndex = 0; path = SightWordsTests.xctest; sourceTree = BUILT_PRODUCTS_DIR; };
		BEA6704C1BA06CC7001B4166 /* SightWordsTests.swift */ = {isa = PBXFileReference; lastKnownFileType = sourcecode.swift; path = SightWordsTests.swift; sourceTree = "<group>"; };
		BEA6704E1BA06CC7001B4166 /* Info.plist */ = {isa = PBXFileReference; lastKnownFileType = text.plist.xml; path = Info.plist; sourceTree = "<group>"; };
		BEA670531BA06CC7001B4166 /* SightWordsUITests.xctest */ = {isa = PBXFileReference; explicitFileType = wrapper.cfbundle; includeInIndex = 0; path = SightWordsUITests.xctest; sourceTree = BUILT_PRODUCTS_DIR; };
		BEA670571BA06CC7001B4166 /* SightWordsUITests.swift */ = {isa = PBXFileReference; lastKnownFileType = sourcecode.swift; path = SightWordsUITests.swift; sourceTree = "<group>"; };
		BEA670591BA06CC7001B4166 /* Info.plist */ = {isa = PBXFileReference; lastKnownFileType = text.plist.xml; path = Info.plist; sourceTree = "<group>"; };
		BEF0B45D1BA4A8650015619C /* GameEngine.swift */ = {isa = PBXFileReference; fileEncoding = 4; lastKnownFileType = sourcecode.swift; path = GameEngine.swift; sourceTree = "<group>"; };
		BEF0B45F1BA4A8B10015619C /* words.json */ = {isa = PBXFileReference; fileEncoding = 4; lastKnownFileType = text.json; path = words.json; sourceTree = "<group>"; };
/* End PBXFileReference section */

/* Begin PBXFrameworksBuildPhase section */
		BEA6702E1BA06CC7001B4166 /* Frameworks */ = {
			isa = PBXFrameworksBuildPhase;
			buildActionMask = 2147483647;
			files = (
			);
			runOnlyForDeploymentPostprocessing = 0;
		};
		BEA670451BA06CC7001B4166 /* Frameworks */ = {
			isa = PBXFrameworksBuildPhase;
			buildActionMask = 2147483647;
			files = (
			);
			runOnlyForDeploymentPostprocessing = 0;
		};
		BEA670501BA06CC7001B4166 /* Frameworks */ = {
			isa = PBXFrameworksBuildPhase;
			buildActionMask = 2147483647;
			files = (
			);
			runOnlyForDeploymentPostprocessing = 0;
		};
/* End PBXFrameworksBuildPhase section */

/* Begin PBXGroup section */
		BEA670281BA06CC7001B4166 = {
			isa = PBXGroup;
			children = (
				BEA670331BA06CC7001B4166 /* SightWords */,
				BEA6704B1BA06CC7001B4166 /* SightWordsTests */,
				BEA670561BA06CC7001B4166 /* SightWordsUITests */,
				BEA670321BA06CC7001B4166 /* Products */,
			);
			sourceTree = "<group>";
		};
		BEA670321BA06CC7001B4166 /* Products */ = {
			isa = PBXGroup;
			children = (
				BEA670311BA06CC7001B4166 /* SightWords.app */,
				BEA670481BA06CC7001B4166 /* SightWordsTests.xctest */,
				BEA670531BA06CC7001B4166 /* SightWordsUITests.xctest */,
			);
			name = Products;
			sourceTree = "<group>";
		};
		BEA670331BA06CC7001B4166 /* SightWords */ = {
			isa = PBXGroup;
			children = (
				BEF0B4611BA4A8BB0015619C /* wordpacks */,
				BEA670341BA06CC7001B4166 /* AppDelegate.swift */,
				BEA670361BA06CC7001B4166 /* ViewController.swift */,
				BEF0B45D1BA4A8650015619C /* GameEngine.swift */,
				BEA670381BA06CC7001B4166 /* Main.storyboard */,
				BEA6703E1BA06CC7001B4166 /* Assets.xcassets */,
				BEA670401BA06CC7001B4166 /* LaunchScreen.storyboard */,
				BEA670431BA06CC7001B4166 /* Info.plist */,
				BEA6703B1BA06CC7001B4166 /* SightWords.xcdatamodeld */,
			);
			path = SightWords;
			sourceTree = "<group>";
		};
		BEA6704B1BA06CC7001B4166 /* SightWordsTests */ = {
			isa = PBXGroup;
			children = (
				BEA6704C1BA06CC7001B4166 /* SightWordsTests.swift */,
				BEA6704E1BA06CC7001B4166 /* Info.plist */,
			);
			path = SightWordsTests;
			sourceTree = "<group>";
		};
		BEA670561BA06CC7001B4166 /* SightWordsUITests */ = {
			isa = PBXGroup;
			children = (
				BEA670571BA06CC7001B4166 /* SightWordsUITests.swift */,
				BEA670591BA06CC7001B4166 /* Info.plist */,
			);
			path = SightWordsUITests;
			sourceTree = "<group>";
		};
		BEF0B4611BA4A8BB0015619C /* wordpacks */ = {
			isa = PBXGroup;
			children = (
				BEF0B4621BA4A8D30015619C /* prek */,
			);
			name = wordpacks;
			sourceTree = "<group>";
		};
		BEF0B4621BA4A8D30015619C /* prek */ = {
			isa = PBXGroup;
			children = (
				BEF0B45F1BA4A8B10015619C /* words.json */,
			);
			name = prek;
			sourceTree = "<group>";
		};
/* End PBXGroup section */

/* Begin PBXNativeTarget section */
		BEA670301BA06CC7001B4166 /* SightWords */ = {
			isa = PBXNativeTarget;
			buildConfigurationList = BEA6705C1BA06CC7001B4166 /* Build configuration list for PBXNativeTarget "SightWords" */;
			buildPhases = (
				BEA6702D1BA06CC7001B4166 /* Sources */,
				BEA6702E1BA06CC7001B4166 /* Frameworks */,
				BEA6702F1BA06CC7001B4166 /* Resources */,
			);
			buildRules = (
			);
			dependencies = (
			);
			name = SightWords;
			productName = SightWords;
			productReference = BEA670311BA06CC7001B4166 /* SightWords.app */;
			productType = "com.apple.product-type.application";
		};
		BEA670471BA06CC7001B4166 /* SightWordsTests */ = {
			isa = PBXNativeTarget;
			buildConfigurationList = BEA6705F1BA06CC7001B4166 /* Build configuration list for PBXNativeTarget "SightWordsTests" */;
			buildPhases = (
				BEA670441BA06CC7001B4166 /* Sources */,
				BEA670451BA06CC7001B4166 /* Frameworks */,
				BEA670461BA06CC7001B4166 /* Resources */,
			);
			buildRules = (
			);
			dependencies = (
				BEA6704A1BA06CC7001B4166 /* PBXTargetDependency */,
			);
			name = SightWordsTests;
			productName = SightWordsTests;
			productReference = BEA670481BA06CC7001B4166 /* SightWordsTests.xctest */;
			productType = "com.apple.product-type.bundle.unit-test";
		};
		BEA670521BA06CC7001B4166 /* SightWordsUITests */ = {
			isa = PBXNativeTarget;
			buildConfigurationList = BEA670621BA06CC7001B4166 /* Build configuration list for PBXNativeTarget "SightWordsUITests" */;
			buildPhases = (
				BEA6704F1BA06CC7001B4166 /* Sources */,
				BEA670501BA06CC7001B4166 /* Frameworks */,
				BEA670511BA06CC7001B4166 /* Resources */,
			);
			buildRules = (
			);
			dependencies = (
				BEA670551BA06CC7001B4166 /* PBXTargetDependency */,
			);
			name = SightWordsUITests;
			productName = SightWordsUITests;
			productReference = BEA670531BA06CC7001B4166 /* SightWordsUITests.xctest */;
			productType = "com.apple.product-type.bundle.ui-testing";
		};
/* End PBXNativeTarget section */

/* Begin PBXProject section */
		BEA670291BA06CC7001B4166 /* Project object */ = {
			isa = PBXProject;
			attributes = {
				LastUpgradeCheck = 0700;
				ORGANIZATIONNAME = "Kenneth Wilcox";
				TargetAttributes = {
					BEA670301BA06CC7001B4166 = {
						CreatedOnToolsVersion = 7.0;
					};
					BEA670471BA06CC7001B4166 = {
						CreatedOnToolsVersion = 7.0;
						TestTargetID = BEA670301BA06CC7001B4166;
					};
					BEA670521BA06CC7001B4166 = {
						CreatedOnToolsVersion = 7.0;
						TestTargetID = BEA670301BA06CC7001B4166;
					};
				};
			};
			buildConfigurationList = BEA6702C1BA06CC7001B4166 /* Build configuration list for PBXProject "SightWords" */;
			compatibilityVersion = "Xcode 3.2";
			developmentRegion = English;
			hasScannedForEncodings = 0;
			knownRegions = (
				en,
				Base,
			);
			mainGroup = BEA670281BA06CC7001B4166;
			productRefGroup = BEA670321BA06CC7001B4166 /* Products */;
			projectDirPath = "";
			projectRoot = "";
			targets = (
				BEA670301BA06CC7001B4166 /* SightWords */,
				BEA670471BA06CC7001B4166 /* SightWordsTests */,
				BEA670521BA06CC7001B4166 /* SightWordsUITests */,
			);
		};
/* End PBXProject section */

/* Begin PBXResourcesBuildPhase section */
		BEA6702F1BA06CC7001B4166 /* Resources */ = {
			isa = PBXResourcesBuildPhase;
			buildActionMask = 2147483647;
			files = (
				BEA670421BA06CC7001B4166 /* LaunchScreen.storyboard in Resources */,
				BEA6703F1BA06CC7001B4166 /* Assets.xcassets in Resources */,
				BEA6703A1BA06CC7001B4166 /* Main.storyboard in Resources */,
				BEF0B4601BA4A8B10015619C /* words.json in Resources */,
			);
			runOnlyForDeploymentPostprocessing = 0;
		};
		BEA670461BA06CC7001B4166 /* Resources */ = {
			isa = PBXResourcesBuildPhase;
			buildActionMask = 2147483647;
			files = (
			);
			runOnlyForDeploymentPostprocessing = 0;
		};
		BEA670511BA06CC7001B4166 /* Resources */ = {
			isa = PBXResourcesBuildPhase;
			buildActionMask = 2147483647;
			files = (
			);
			runOnlyForDeploymentPostprocessing = 0;
		};
/* End PBXResourcesBuildPhase section */

/* Begin PBXSourcesBuildPhase section */
		BEA6702D1BA06CC7001B4166 /* Sources */ = {
			isa = PBXSourcesBuildPhase;
			buildActionMask = 2147483647;
			files = (
				BEA670371BA06CC7001B4166 /* ViewController.swift in Sources */,
				BEA670351BA06CC7001B4166 /* AppDelegate.swift in Sources */,
				BEA6703D1BA06CC7001B4166 /* SightWords.xcdatamodeld in Sources */,
				BEF0B45E1BA4A8650015619C /* GameEngine.swift in Sources */,
			);
			runOnlyForDeploymentPostprocessing = 0;
		};
		BEA670441BA06CC7001B4166 /* Sources */ = {
			isa = PBXSourcesBuildPhase;
			buildActionMask = 2147483647;
			files = (
				BEA6704D1BA06CC7001B4166 /* SightWordsTests.swift in Sources */,
			);
			runOnlyForDeploymentPostprocessing = 0;
		};
		BEA6704F1BA06CC7001B4166 /* Sources */ = {
			isa = PBXSourcesBuildPhase;
			buildActionMask = 2147483647;
			files = (
				BEA670581BA06CC7001B4166 /* SightWordsUITests.swift in Sources */,
			);
			runOnlyForDeploymentPostprocessing = 0;
		};
/* End PBXSourcesBuildPhase section */

/* Begin PBXTargetDependency section */
		BEA6704A1BA06CC7001B4166 /* PBXTargetDependency */ = {
			isa = PBXTargetDependency;
			target = BEA670301BA06CC7001B4166 /* SightWords */;
			targetProxy = BEA670491BA06CC7001B4166 /* PBXContainerItemProxy */;
		};
		BEA670551BA06CC7001B4166 /* PBXTargetDependency */ = {
			isa = PBXTargetDependency;
			target = BEA670301BA06CC7001B4166 /* SightWords */;
			targetProxy = BEA670541BA06CC7001B4166 /* PBXContainerItemProxy */;
		};
/* End PBXTargetDependency section */

/* Begin PBXVariantGroup section */
		BEA670381BA06CC7001B4166 /* Main.storyboard */ = {
			isa = PBXVariantGroup;
			children = (
				BEA670391BA06CC7001B4166 /* Base */,
			);
			name = Main.storyboard;
			sourceTree = "<group>";
		};
		BEA670401BA06CC7001B4166 /* LaunchScreen.storyboard */ = {
			isa = PBXVariantGroup;
			children = (
				BEA670411BA06CC7001B4166 /* Base */,
			);
			name = LaunchScreen.storyboard;
			sourceTree = "<group>";
		};
/* End PBXVariantGroup section */

/* Begin XCBuildConfiguration section */
		BEA6705A1BA06CC7001B4166 /* Debug */ = {
			isa = XCBuildConfiguration;
			buildSettings = {
				ALWAYS_SEARCH_USER_PATHS = NO;
				CLANG_CXX_LANGUAGE_STANDARD = "gnu++0x";
				CLANG_CXX_LIBRARY = "libc++";
				CLANG_ENABLE_MODULES = YES;
				CLANG_ENABLE_OBJC_ARC = YES;
				CLANG_WARN_BOOL_CONVERSION = YES;
				CLANG_WARN_CONSTANT_CONVERSION = YES;
				CLANG_WARN_DIRECT_OBJC_ISA_USAGE = YES_ERROR;
				CLANG_WARN_EMPTY_BODY = YES;
				CLANG_WARN_ENUM_CONVERSION = YES;
				CLANG_WARN_INT_CONVERSION = YES;
				CLANG_WARN_OBJC_ROOT_CLASS = YES_ERROR;
				CLANG_WARN_UNREACHABLE_CODE = YES;
				CLANG_WARN__DUPLICATE_METHOD_MATCH = YES;
				"CODE_SIGN_IDENTITY[sdk=iphoneos*]" = "iPhone Developer";
				COPY_PHASE_STRIP = NO;
				DEBUG_INFORMATION_FORMAT = dwarf;
				ENABLE_STRICT_OBJC_MSGSEND = YES;
				ENABLE_TESTABILITY = YES;
				GCC_C_LANGUAGE_STANDARD = gnu99;
				GCC_DYNAMIC_NO_PIC = NO;
				GCC_NO_COMMON_BLOCKS = YES;
				GCC_OPTIMIZATION_LEVEL = 0;
				GCC_PREPROCESSOR_DEFINITIONS = (
					"DEBUG=1",
					"$(inherited)",
				);
				GCC_WARN_64_TO_32_BIT_CONVERSION = YES;
				GCC_WARN_ABOUT_RETURN_TYPE = YES_ERROR;
				GCC_WARN_UNDECLARED_SELECTOR = YES;
				GCC_WARN_UNINITIALIZED_AUTOS = YES_AGGRESSIVE;
				GCC_WARN_UNUSED_FUNCTION = YES;
				GCC_WARN_UNUSED_VARIABLE = YES;
				IPHONEOS_DEPLOYMENT_TARGET = 9.0;
				MTL_ENABLE_DEBUG_INFO = YES;
				ONLY_ACTIVE_ARCH = YES;
				SDKROOT = iphoneos;
				SWIFT_OPTIMIZATION_LEVEL = "-Onone";
				TARGETED_DEVICE_FAMILY = "1,2";
			};
			name = Debug;
		};
		BEA6705B1BA06CC7001B4166 /* Release */ = {
			isa = XCBuildConfiguration;
			buildSettings = {
				ALWAYS_SEARCH_USER_PATHS = NO;
				CLANG_CXX_LANGUAGE_STANDARD = "gnu++0x";
				CLANG_CXX_LIBRARY = "libc++";
				CLANG_ENABLE_MODULES = YES;
				CLANG_ENABLE_OBJC_ARC = YES;
				CLANG_WARN_BOOL_CONVERSION = YES;
				CLANG_WARN_CONSTANT_CONVERSION = YES;
				CLANG_WARN_DIRECT_OBJC_ISA_USAGE = YES_ERROR;
				CLANG_WARN_EMPTY_BODY = YES;
				CLANG_WARN_ENUM_CONVERSION = YES;
				CLANG_WARN_INT_CONVERSION = YES;
				CLANG_WARN_OBJC_ROOT_CLASS = YES_ERROR;
				CLANG_WARN_UNREACHABLE_CODE = YES;
				CLANG_WARN__DUPLICATE_METHOD_MATCH = YES;
				"CODE_SIGN_IDENTITY[sdk=iphoneos*]" = "iPhone Developer";
				COPY_PHASE_STRIP = NO;
				DEBUG_INFORMATION_FORMAT = "dwarf-with-dsym";
				ENABLE_NS_ASSERTIONS = NO;
				ENABLE_STRICT_OBJC_MSGSEND = YES;
				GCC_C_LANGUAGE_STANDARD = gnu99;
				GCC_NO_COMMON_BLOCKS = YES;
				GCC_WARN_64_TO_32_BIT_CONVERSION = YES;
				GCC_WARN_ABOUT_RETURN_TYPE = YES_ERROR;
				GCC_WARN_UNDECLARED_SELECTOR = YES;
				GCC_WARN_UNINITIALIZED_AUTOS = YES_AGGRESSIVE;
				GCC_WARN_UNUSED_FUNCTION = YES;
				GCC_WARN_UNUSED_VARIABLE = YES;
				IPHONEOS_DEPLOYMENT_TARGET = 9.0;
				MTL_ENABLE_DEBUG_INFO = NO;
				SDKROOT = iphoneos;
				TARGETED_DEVICE_FAMILY = "1,2";
				VALIDATE_PRODUCT = YES;
			};
			name = Release;
		};
		BEA6705D1BA06CC7001B4166 /* Debug */ = {
			isa = XCBuildConfiguration;
			buildSettings = {
				ASSETCATALOG_COMPILER_APPICON_NAME = AppIcon;
				INFOPLIST_FILE = SightWords/Info.plist;
				LD_RUNPATH_SEARCH_PATHS = "$(inherited) @executable_path/Frameworks";
				PRODUCT_BUNDLE_IDENTIFIER = com.k3nx.SightWords;
				PRODUCT_NAME = "$(TARGET_NAME)";
			};
			name = Debug;
		};
		BEA6705E1BA06CC7001B4166 /* Release */ = {
			isa = XCBuildConfiguration;
			buildSettings = {
				ASSETCATALOG_COMPILER_APPICON_NAME = AppIcon;
				INFOPLIST_FILE = SightWords/Info.plist;
				LD_RUNPATH_SEARCH_PATHS = "$(inherited) @executable_path/Frameworks";
				PRODUCT_BUNDLE_IDENTIFIER = com.k3nx.SightWords;
				PRODUCT_NAME = "$(TARGET_NAME)";
			};
			name = Release;
		};
		BEA670601BA06CC7001B4166 /* Debug */ = {
			isa = XCBuildConfiguration;
			buildSettings = {
				BUNDLE_LOADER = "$(TEST_HOST)";
				INFOPLIST_FILE = SightWordsTests/Info.plist;
				LD_RUNPATH_SEARCH_PATHS = "$(inherited) @executable_path/Frameworks @loader_path/Frameworks";
				PRODUCT_BUNDLE_IDENTIFIER = com.k3nx.SightWordsTests;
				PRODUCT_NAME = "$(TARGET_NAME)";
				TEST_HOST = "$(BUILT_PRODUCTS_DIR)/SightWords.app/SightWords";
			};
			name = Debug;
		};
		BEA670611BA06CC7001B4166 /* Release */ = {
			isa = XCBuildConfiguration;
			buildSettings = {
				BUNDLE_LOADER = "$(TEST_HOST)";
				INFOPLIST_FILE = SightWordsTests/Info.plist;
				LD_RUNPATH_SEARCH_PATHS = "$(inherited) @executable_path/Frameworks @loader_path/Frameworks";
				PRODUCT_BUNDLE_IDENTIFIER = com.k3nx.SightWordsTests;
				PRODUCT_NAME = "$(TARGET_NAME)";
				TEST_HOST = "$(BUILT_PRODUCTS_DIR)/SightWords.app/SightWords";
			};
			name = Release;
		};
		BEA670631BA06CC7001B4166 /* Debug */ = {
			isa = XCBuildConfiguration;
			buildSettings = {
				INFOPLIST_FILE = SightWordsUITests/Info.plist;
				LD_RUNPATH_SEARCH_PATHS = "$(inherited) @executable_path/Frameworks @loader_path/Frameworks";
				PRODUCT_BUNDLE_IDENTIFIER = com.k3nx.SightWordsUITests;
				PRODUCT_NAME = "$(TARGET_NAME)";
				TEST_TARGET_NAME = SightWords;
				USES_XCTRUNNER = YES;
			};
			name = Debug;
		};
		BEA670641BA06CC7001B4166 /* Release */ = {
			isa = XCBuildConfiguration;
			buildSettings = {
				INFOPLIST_FILE = SightWordsUITests/Info.plist;
				LD_RUNPATH_SEARCH_PATHS = "$(inherited) @executable_path/Frameworks @loader_path/Frameworks";
				PRODUCT_BUNDLE_IDENTIFIER = com.k3nx.SightWordsUITests;
				PRODUCT_NAME = "$(TARGET_NAME)";
				TEST_TARGET_NAME = SightWords;
				USES_XCTRUNNER = YES;
			};
			name = Release;
		};
/* End XCBuildConfiguration section */

/* Begin XCConfigurationList section */
		BEA6702C1BA06CC7001B4166 /* Build configuration list for PBXProject "SightWords" */ = {
			isa = XCConfigurationList;
			buildConfigurations = (
				BEA6705A1BA06CC7001B4166 /* Debug */,
				BEA6705B1BA06CC7001B4166 /* Release */,
			);
			defaultConfigurationIsVisible = 0;
			defaultConfigurationName = Release;
		};
		BEA6705C1BA06CC7001B4166 /* Build configuration list for PBXNativeTarget "SightWords" */ = {
			isa = XCConfigurationList;
			buildConfigurations = (
				BEA6705D1BA06CC7001B4166 /* Debug */,
				BEA6705E1BA06CC7001B4166 /* Release */,
			);
			defaultConfigurationIsVisible = 0;
			defaultConfigurationName = Release;
		};
		BEA6705F1BA06CC7001B4166 /* Build configuration list for PBXNativeTarget "SightWordsTests" */ = {
			isa = XCConfigurationList;
			buildConfigurations = (
				BEA670601BA06CC7001B4166 /* Debug */,
				BEA670611BA06CC7001B4166 /* Release */,
			);
			defaultConfigurationIsVisible = 0;
			defaultConfigurationName = Release;
		};
		BEA670621BA06CC7001B4166 /* Build configuration list for PBXNativeTarget "SightWordsUITests" */ = {
			isa = XCConfigurationList;
			buildConfigurations = (
				BEA670631BA06CC7001B4166 /* Debug */,
				BEA670641BA06CC7001B4166 /* Release */,
			);
			defaultConfigurationIsVisible = 0;
			defaultConfigurationName = Release;
		};
/* End XCConfigurationList section */

/* Begin XCVersionGroup section */
		BEA6703B1BA06CC7001B4166 /* SightWords.xcdatamodeld */ = {
			isa = XCVersionGroup;
			children = (
				BEA6703C1BA06CC7001B4166 /* SightWords.xcdatamodel */,
			);
			currentVersion = BEA6703C1BA06CC7001B4166 /* SightWords.xcdatamodel */;
			path = SightWords.xcdatamodeld;
			sourceTree = "<group>";
			versionGroupType = wrapper.xcdatamodel;
		};
/* End XCVersionGroup section */
	};
	rootObject = BEA670291BA06CC7001B4166 /* Project object */;
}
